
Microsoft Visual Studio Solution File, Format Version 12.00
# Visual Studio Version 17
VisualStudioVersion = 17.4.33110.190
MinimumVisualStudioVersion = 10.0.40219.1
Project("{888888A0-9F3D-457C-B088-3A5042F75D52}") = "master", "Master.pyproj", "{1FD62EB9-E660-454A-B9FE-8E5EDEB35B11}"
EndProject
Global
	GlobalSection(SolutionConfigurationPlatforms) = preSolution
		Debug|Any CPU = Debug|Any CPU
		Release|Any CPU = Release|Any CPU
	EndGlobalSection
	GlobalSection(ProjectConfigurationPlatforms) = postSolution
		{1FD62EB9-E660-454A-B9FE-8E5EDEB35B11}.Debug|Any CPU.ActiveCfg = Debug|Any CPU
		{1FD62EB9-E660-454A-B9FE-8E5EDEB35B11}.Release|Any CPU.ActiveCfg = Release|Any CPU
	EndGlobalSection
	GlobalSection(SolutionProperties) = preSolution
		HideSolutionNode = FALSE
	EndGlobalSection
	GlobalSection(ExtensibilityGlobals) = postSolution
		SolutionGuid = {F22251FF-5B4A-4ED4-BADC-BDC051B842EF}
	EndGlobalSection
EndGlobal
